
Microsoft Visual Studio Solution File, Format Version 12.00
# Visual Studio Version 17
VisualStudioVersion = 17.14.36616.10 d17.14
MinimumVisualStudioVersion = 10.0.40219.1
Project("{FAE04EC0-301F-11D3-BF4B-00C04F79EFBC}") = "FortivexAPI", "FortivexAPI\FortivexAPI.csproj", "{C97ED56C-B92D-4470-8DD4-F07879CDBC20}"
EndProject
Global
	GlobalSection(SolutionConfigurationPlatforms) = preSolution
		Debug|Any CPU = Debug|Any CPU
		Release|Any CPU = Release|Any CPU
	EndGlobalSection
	GlobalSection(ProjectConfigurationPlatforms) = postSolution
		{C97ED56C-B92D-4470-8DD4-F07879CDBC20}.Debug|Any CPU.ActiveCfg = Debug|Any CPU
		{C97ED56C-B92D-4470-8DD4-F07879CDBC20}.Debug|Any CPU.Build.0 = Debug|Any CPU
		{C97ED56C-B92D-4470-8DD4-F07879CDBC20}.Release|Any CPU.ActiveCfg = Release|Any CPU
		{C97ED56C-B92D-4470-8DD4-F07879CDBC20}.Release|Any CPU.Build.0 = Release|Any CPU
	EndGlobalSection
	GlobalSection(SolutionProperties) = preSolution
		HideSolutionNode = FALSE
	EndGlobalSection
	GlobalSection(ExtensibilityGlobals) = postSolution
		SolutionGuid = {8D7C6A6B-E57B-45B0-BC8E-C1903D996B38}
	EndGlobalSection
EndGlobal
